
Microsoft Visual Studio Solution File, Format Version 12.00
# Visual Studio Version 16
VisualStudioVersion = 16.0.31129.286
MinimumVisualStudioVersion = 10.0.40219.1
Project("{FAE04EC0-301F-11D3-BF4B-00C04F79EFBC}") = "BaseConsole", "BaseConsole\BaseConsole.csproj", "{F4382E4A-AF08-46F1-AA5D-5DD610812301}"
EndProject
Global
	GlobalSection(SolutionConfigurationPlatforms) = preSolution
		Debug|Any CPU = Debug|Any CPU
		Release|Any CPU = Release|Any CPU
	EndGlobalSection
	GlobalSection(ProjectConfigurationPlatforms) = postSolution
		{F4382E4A-AF08-46F1-AA5D-5DD610812301}.Debug|Any CPU.ActiveCfg = Debug|Any CPU
		{F4382E4A-AF08-46F1-AA5D-5DD610812301}.Debug|Any CPU.Build.0 = Debug|Any CPU
		{F4382E4A-AF08-46F1-AA5D-5DD610812301}.Release|Any CPU.ActiveCfg = Release|Any CPU
		{F4382E4A-AF08-46F1-AA5D-5DD610812301}.Release|Any CPU.Build.0 = Release|Any CPU
	EndGlobalSection
	GlobalSection(SolutionProperties) = preSolution
		HideSolutionNode = FALSE
	EndGlobalSection
	GlobalSection(ExtensibilityGlobals) = postSolution
		SolutionGuid = {001710B5-DC66-4BA1-945F-AF9E7873C65A}
	EndGlobalSection
EndGlobal
